// !$*UTF8*$!
{
	archiveVersion = 1;
	classes = {
	};
	objectVersion = 46;
	objects = {

/* Begin PBXBuildFile section */
		59C386ADF825D40E94FCDDC4 /* libPods.a in Frameworks */ = {isa = PBXBuildFile; fileRef = E723455E7687BD6C0D6A9966 /* libPods.a */; };
		BEF7BE6919F6D80F0003C675 /* AppDelegate.swift in Sources */ = {isa = PBXBuildFile; fileRef = BEF7BE6819F6D80F0003C675 /* AppDelegate.swift */; };
		BEF7BE6B19F6D80F0003C675 /* FirstViewController.swift in Sources */ = {isa = PBXBuildFile; fileRef = BEF7BE6A19F6D80F0003C675 /* FirstViewController.swift */; };
		BEF7BE6D19F6D80F0003C675 /* SecondViewController.swift in Sources */ = {isa = PBXBuildFile; fileRef = BEF7BE6C19F6D80F0003C675 /* SecondViewController.swift */; };
		BEF7BE7019F6D80F0003C675 /* Main.storyboard in Resources */ = {isa = PBXBuildFile; fileRef = BEF7BE6E19F6D80F0003C675 /* Main.storyboard */; };
		BEF7BE7219F6D80F0003C675 /* Images.xcassets in Resources */ = {isa = PBXBuildFile; fileRef = BEF7BE7119F6D80F0003C675 /* Images.xcassets */; };
		BEF7BE7519F6D80F0003C675 /* LaunchScreen.xib in Resources */ = {isa = PBXBuildFile; fileRef = BEF7BE7319F6D80F0003C675 /* LaunchScreen.xib */; };
		BEF7BE8119F6D80F0003C675 /* petulant_octo_dubstepTests.swift in Sources */ = {isa = PBXBuildFile; fileRef = BEF7BE8019F6D80F0003C675 /* petulant_octo_dubstepTests.swift */; };
/* End PBXBuildFile section */

/* Begin PBXContainerItemProxy section */
		BEF7BE7B19F6D80F0003C675 /* PBXContainerItemProxy */ = {
			isa = PBXContainerItemProxy;
			containerPortal = BEF7BE5B19F6D80F0003C675 /* Project object */;
			proxyType = 1;
			remoteGlobalIDString = BEF7BE6219F6D80F0003C675;
			remoteInfo = "petulant-octo-dubstep";
		};
/* End PBXContainerItemProxy section */

/* Begin PBXFileReference section */
		637B9105724CC0DF19A6C5F3 /* Pods.release.xcconfig */ = {isa = PBXFileReference; includeInIndex = 1; lastKnownFileType = text.xcconfig; name = Pods.release.xcconfig; path = "Pods/Target Support Files/Pods/Pods.release.xcconfig"; sourceTree = "<group>"; };
		BEF7BE6319F6D80F0003C675 /* petulant-octo-dubstep.app */ = {isa = PBXFileReference; explicitFileType = wrapper.application; includeInIndex = 0; path = "petulant-octo-dubstep.app"; sourceTree = BUILT_PRODUCTS_DIR; };
		BEF7BE6719F6D80F0003C675 /* Info.plist */ = {isa = PBXFileReference; lastKnownFileType = text.plist.xml; path = Info.plist; sourceTree = "<group>"; };
		BEF7BE6819F6D80F0003C675 /* AppDelegate.swift */ = {isa = PBXFileReference; lastKnownFileType = sourcecode.swift; path = AppDelegate.swift; sourceTree = "<group>"; };
		BEF7BE6A19F6D80F0003C675 /* FirstViewController.swift */ = {isa = PBXFileReference; lastKnownFileType = sourcecode.swift; name = FirstViewController.swift; path = ../FirstViewController.swift; sourceTree = "<group>"; };
		BEF7BE6C19F6D80F0003C675 /* SecondViewController.swift */ = {isa = PBXFileReference; lastKnownFileType = sourcecode.swift; name = SecondViewController.swift; path = ../SecondViewController.swift; sourceTree = "<group>"; };
		BEF7BE6F19F6D80F0003C675 /* Base */ = {isa = PBXFileReference; lastKnownFileType = file.storyboard; name = Base; path = Base.lproj/Main.storyboard; sourceTree = "<group>"; };
		BEF7BE7119F6D80F0003C675 /* Images.xcassets */ = {isa = PBXFileReference; lastKnownFileType = folder.assetcatalog; path = Images.xcassets; sourceTree = "<group>"; };
		BEF7BE7419F6D80F0003C675 /* Base */ = {isa = PBXFileReference; lastKnownFileType = file.xib; name = Base; path = Base.lproj/LaunchScreen.xib; sourceTree = "<group>"; };
		BEF7BE7A19F6D80F0003C675 /* petulant-octo-dubstepTests.xctest */ = {isa = PBXFileReference; explicitFileType = wrapper.cfbundle; includeInIndex = 0; path = "petulant-octo-dubstepTests.xctest"; sourceTree = BUILT_PRODUCTS_DIR; };
		BEF7BE7F19F6D80F0003C675 /* Info.plist */ = {isa = PBXFileReference; lastKnownFileType = text.plist.xml; path = Info.plist; sourceTree = "<group>"; };
		BEF7BE8019F6D80F0003C675 /* petulant_octo_dubstepTests.swift */ = {isa = PBXFileReference; lastKnownFileType = sourcecode.swift; path = petulant_octo_dubstepTests.swift; sourceTree = "<group>"; };
		C05D08D2A41103E4C6A62109 /* Pods.debug.xcconfig */ = {isa = PBXFileReference; includeInIndex = 1; lastKnownFileType = text.xcconfig; name = Pods.debug.xcconfig; path = "Pods/Target Support Files/Pods/Pods.debug.xcconfig"; sourceTree = "<group>"; };
		E723455E7687BD6C0D6A9966 /* libPods.a */ = {isa = PBXFileReference; explicitFileType = archive.ar; includeInIndex = 0; path = libPods.a; sourceTree = BUILT_PRODUCTS_DIR; };
/* End PBXFileReference section */

/* Begin PBXFrameworksBuildPhase section */
		BEF7BE6019F6D80F0003C675 /* Frameworks */ = {
			isa = PBXFrameworksBuildPhase;
			buildActionMask = 2147483647;
			files = (
				59C386ADF825D40E94FCDDC4 /* libPods.a in Frameworks */,
			);
			runOnlyForDeploymentPostprocessing = 0;
		};
		BEF7BE7719F6D80F0003C675 /* Frameworks */ = {
			isa = PBXFrameworksBuildPhase;
			buildActionMask = 2147483647;
			files = (
			);
			runOnlyForDeploymentPostprocessing = 0;
		};
/* End PBXFrameworksBuildPhase section */

/* Begin PBXGroup section */
		0FA695463F60CE1989D4488B /* Pods */ = {
			isa = PBXGroup;
			children = (
				C05D08D2A41103E4C6A62109 /* Pods.debug.xcconfig */,
				637B9105724CC0DF19A6C5F3 /* Pods.release.xcconfig */,
			);
			name = Pods;
			sourceTree = "<group>";
		};
		61ED95B80AD049B708A75AB6 /* Frameworks */ = {
			isa = PBXGroup;
			children = (
				E723455E7687BD6C0D6A9966 /* libPods.a */,
			);
			name = Frameworks;
			sourceTree = "<group>";
		};
		A3225B6A19F6DF28001CB749 /* controllers */ = {
			isa = PBXGroup;
			children = (
				BEF7BE6C19F6D80F0003C675 /* SecondViewController.swift */,
				BEF7BE6A19F6D80F0003C675 /* FirstViewController.swift */,
			);
			path = controllers;
			sourceTree = "<group>";
		};
		A3225B6B19F6DF28001CB749 /* models */ = {
			isa = PBXGroup;
			children = (
			);
			path = models;
			sourceTree = "<group>";
		};
		BEF7BE5A19F6D80F0003C675 = {
			isa = PBXGroup;
			children = (
				BEF7BE6519F6D80F0003C675 /* petulant-octo-dubstep */,
				BEF7BE7D19F6D80F0003C675 /* petulant-octo-dubstepTests */,
				BEF7BE6419F6D80F0003C675 /* Products */,
				0FA695463F60CE1989D4488B /* Pods */,
				61ED95B80AD049B708A75AB6 /* Frameworks */,
			);
			sourceTree = "<group>";
		};
		BEF7BE6419F6D80F0003C675 /* Products */ = {
			isa = PBXGroup;
			children = (
				BEF7BE6319F6D80F0003C675 /* petulant-octo-dubstep.app */,
				BEF7BE7A19F6D80F0003C675 /* petulant-octo-dubstepTests.xctest */,
			);
			name = Products;
			sourceTree = "<group>";
		};
		BEF7BE6519F6D80F0003C675 /* petulant-octo-dubstep */ = {
			isa = PBXGroup;
			children = (
				A3225B6A19F6DF28001CB749 /* controllers */,
				A3225B6B19F6DF28001CB749 /* models */,
				BEF7BE6819F6D80F0003C675 /* AppDelegate.swift */,
				BEF7BE6E19F6D80F0003C675 /* Main.storyboard */,
				BEF7BE7119F6D80F0003C675 /* Images.xcassets */,
				BEF7BE7319F6D80F0003C675 /* LaunchScreen.xib */,
				BEF7BE6619F6D80F0003C675 /* Supporting Files */,
			);
			path = "petulant-octo-dubstep";
			sourceTree = "<group>";
		};
		BEF7BE6619F6D80F0003C675 /* Supporting Files */ = {
			isa = PBXGroup;
			children = (
				BEF7BE6719F6D80F0003C675 /* Info.plist */,
			);
			name = "Supporting Files";
			sourceTree = "<group>";
		};
		BEF7BE7D19F6D80F0003C675 /* petulant-octo-dubstepTests */ = {
			isa = PBXGroup;
			children = (
				BEF7BE8019F6D80F0003C675 /* petulant_octo_dubstepTests.swift */,
				BEF7BE7E19F6D80F0003C675 /* Supporting Files */,
			);
			path = "petulant-octo-dubstepTests";
			sourceTree = "<group>";
		};
		BEF7BE7E19F6D80F0003C675 /* Supporting Files */ = {
			isa = PBXGroup;
			children = (
				BEF7BE7F19F6D80F0003C675 /* Info.plist */,
			);
			name = "Supporting Files";
			sourceTree = "<group>";
		};
/* End PBXGroup section */

/* Begin PBXNativeTarget section */
		BEF7BE6219F6D80F0003C675 /* petulant-octo-dubstep */ = {
			isa = PBXNativeTarget;
			buildConfigurationList = BEF7BE8419F6D80F0003C675 /* Build configuration list for PBXNativeTarget "petulant-octo-dubstep" */;
			buildPhases = (
				8DC5209DA713F1AF9279147C /* Check Pods Manifest.lock */,
				BEF7BE5F19F6D80F0003C675 /* Sources */,
				BEF7BE6019F6D80F0003C675 /* Frameworks */,
				BEF7BE6119F6D80F0003C675 /* Resources */,
				AC18EF8B3F7034FE113600D4 /* Copy Pods Resources */,
			);
			buildRules = (
			);
			dependencies = (
			);
			name = "petulant-octo-dubstep";
			productName = "petulant-octo-dubstep";
			productReference = BEF7BE6319F6D80F0003C675 /* petulant-octo-dubstep.app */;
			productType = "com.apple.product-type.application";
		};
		BEF7BE7919F6D80F0003C675 /* petulant-octo-dubstepTests */ = {
			isa = PBXNativeTarget;
			buildConfigurationList = BEF7BE8719F6D80F0003C675 /* Build configuration list for PBXNativeTarget "petulant-octo-dubstepTests" */;
			buildPhases = (
				BEF7BE7619F6D80F0003C675 /* Sources */,
				BEF7BE7719F6D80F0003C675 /* Frameworks */,
				BEF7BE7819F6D80F0003C675 /* Resources */,
			);
			buildRules = (
			);
			dependencies = (
				BEF7BE7C19F6D80F0003C675 /* PBXTargetDependency */,
			);
			name = "petulant-octo-dubstepTests";
			productName = "petulant-octo-dubstepTests";
			productReference = BEF7BE7A19F6D80F0003C675 /* petulant-octo-dubstepTests.xctest */;
			productType = "com.apple.product-type.bundle.unit-test";
		};
/* End PBXNativeTarget section */

/* Begin PBXProject section */
		BEF7BE5B19F6D80F0003C675 /* Project object */ = {
			isa = PBXProject;
			attributes = {
				LastUpgradeCheck = 0600;
				ORGANIZATIONNAME = viceversus;
				TargetAttributes = {
					BEF7BE6219F6D80F0003C675 = {
						CreatedOnToolsVersion = 6.0.1;
					};
					BEF7BE7919F6D80F0003C675 = {
						CreatedOnToolsVersion = 6.0.1;
						TestTargetID = BEF7BE6219F6D80F0003C675;
					};
				};
			};
			buildConfigurationList = BEF7BE5E19F6D80F0003C675 /* Build configuration list for PBXProject "petulant-octo-dubstep" */;
			compatibilityVersion = "Xcode 3.2";
			developmentRegion = English;
			hasScannedForEncodings = 0;
			knownRegions = (
				en,
				Base,
			);
			mainGroup = BEF7BE5A19F6D80F0003C675;
			productRefGroup = BEF7BE6419F6D80F0003C675 /* Products */;
			projectDirPath = "";
			projectRoot = "";
			targets = (
				BEF7BE6219F6D80F0003C675 /* petulant-octo-dubstep */,
				BEF7BE7919F6D80F0003C675 /* petulant-octo-dubstepTests */,
			);
		};
/* End PBXProject section */

/* Begin PBXResourcesBuildPhase section */
		BEF7BE6119F6D80F0003C675 /* Resources */ = {
			isa = PBXResourcesBuildPhase;
			buildActionMask = 2147483647;
			files = (
				BEF7BE7019F6D80F0003C675 /* Main.storyboard in Resources */,
				BEF7BE7519F6D80F0003C675 /* LaunchScreen.xib in Resources */,
				BEF7BE7219F6D80F0003C675 /* Images.xcassets in Resources */,
			);
			runOnlyForDeploymentPostprocessing = 0;
		};
		BEF7BE7819F6D80F0003C675 /* Resources */ = {
			isa = PBXResourcesBuildPhase;
			buildActionMask = 2147483647;
			files = (
			);
			runOnlyForDeploymentPostprocessing = 0;
		};
/* End PBXResourcesBuildPhase section */

/* Begin PBXShellScriptBuildPhase section */
		8DC5209DA713F1AF9279147C /* Check Pods Manifest.lock */ = {
			isa = PBXShellScriptBuildPhase;
			buildActionMask = 2147483647;
			files = (
			);
			inputPaths = (
			);
			name = "Check Pods Manifest.lock";
			outputPaths = (
			);
			runOnlyForDeploymentPostprocessing = 0;
			shellPath = /bin/sh;
			shellScript = "diff \"${PODS_ROOT}/../Podfile.lock\" \"${PODS_ROOT}/Manifest.lock\" > /dev/null\nif [[ $? != 0 ]] ; then\n    cat << EOM\nerror: The sandbox is not in sync with the Podfile.lock. Run 'pod install' or update your CocoaPods installation.\nEOM\n    exit 1\nfi\n";
			showEnvVarsInLog = 0;
		};
		AC18EF8B3F7034FE113600D4 /* Copy Pods Resources */ = {
			isa = PBXShellScriptBuildPhase;
			buildActionMask = 2147483647;
			files = (
			);
			inputPaths = (
			);
			name = "Copy Pods Resources";
			outputPaths = (
			);
			runOnlyForDeploymentPostprocessing = 0;
			shellPath = /bin/sh;
			shellScript = "\"${SRCROOT}/Pods/Target Support Files/Pods/Pods-resources.sh\"\n";
			showEnvVarsInLog = 0;
		};
/* End PBXShellScriptBuildPhase section */

/* Begin PBXSourcesBuildPhase section */
		BEF7BE5F19F6D80F0003C675 /* Sources */ = {
			isa = PBXSourcesBuildPhase;
			buildActionMask = 2147483647;
			files = (
				BEF7BE6D19F6D80F0003C675 /* SecondViewController.swift in Sources */,
				BEF7BE6919F6D80F0003C675 /* AppDelegate.swift in Sources */,
				BEF7BE6B19F6D80F0003C675 /* FirstViewController.swift in Sources */,
			);
			runOnlyForDeploymentPostprocessing = 0;
		};
		BEF7BE7619F6D80F0003C675 /* Sources */ = {
			isa = PBXSourcesBuildPhase;
			buildActionMask = 2147483647;
			files = (
				BEF7BE8119F6D80F0003C675 /* petulant_octo_dubstepTests.swift in Sources */,
			);
			runOnlyForDeploymentPostprocessing = 0;
		};
/* End PBXSourcesBuildPhase section */

/* Begin PBXTargetDependency section */
		BEF7BE7C19F6D80F0003C675 /* PBXTargetDependency */ = {
			isa = PBXTargetDependency;
			target = BEF7BE6219F6D80F0003C675 /* petulant-octo-dubstep */;
			targetProxy = BEF7BE7B19F6D80F0003C675 /* PBXContainerItemProxy */;
		};
/* End PBXTargetDependency section */

/* Begin PBXVariantGroup section */
		BEF7BE6E19F6D80F0003C675 /* Main.storyboard */ = {
			isa = PBXVariantGroup;
			children = (
				BEF7BE6F19F6D80F0003C675 /* Base */,
			);
			name = Main.storyboard;
			sourceTree = "<group>";
		};
		BEF7BE7319F6D80F0003C675 /* LaunchScreen.xib */ = {
			isa = PBXVariantGroup;
			children = (
				BEF7BE7419F6D80F0003C675 /* Base */,
			);
			name = LaunchScreen.xib;
			sourceTree = "<group>";
		};
/* End PBXVariantGroup section */

/* Begin XCBuildConfiguration section */
		BEF7BE8219F6D80F0003C675 /* Debug */ = {
			isa = XCBuildConfiguration;
			buildSettings = {
				ALWAYS_SEARCH_USER_PATHS = NO;
				CLANG_CXX_LANGUAGE_STANDARD = "gnu++0x";
				CLANG_CXX_LIBRARY = "libc++";
				CLANG_ENABLE_MODULES = YES;
				CLANG_ENABLE_OBJC_ARC = YES;
				CLANG_WARN_BOOL_CONVERSION = YES;
				CLANG_WARN_CONSTANT_CONVERSION = YES;
				CLANG_WARN_DIRECT_OBJC_ISA_USAGE = YES_ERROR;
				CLANG_WARN_EMPTY_BODY = YES;
				CLANG_WARN_ENUM_CONVERSION = YES;
				CLANG_WARN_INT_CONVERSION = YES;
				CLANG_WARN_OBJC_ROOT_CLASS = YES_ERROR;
				CLANG_WARN_UNREACHABLE_CODE = YES;
				CLANG_WARN__DUPLICATE_METHOD_MATCH = YES;
				"CODE_SIGN_IDENTITY[sdk=iphoneos*]" = "iPhone Developer";
				COPY_PHASE_STRIP = NO;
				ENABLE_STRICT_OBJC_MSGSEND = YES;
				GCC_C_LANGUAGE_STANDARD = gnu99;
				GCC_DYNAMIC_NO_PIC = NO;
				GCC_OPTIMIZATION_LEVEL = 0;
				GCC_PREPROCESSOR_DEFINITIONS = (
					"DEBUG=1",
					"$(inherited)",
				);
				GCC_SYMBOLS_PRIVATE_EXTERN = NO;
				GCC_WARN_64_TO_32_BIT_CONVERSION = YES;
				GCC_WARN_ABOUT_RETURN_TYPE = YES_ERROR;
				GCC_WARN_UNDECLARED_SELECTOR = YES;
				GCC_WARN_UNINITIALIZED_AUTOS = YES_AGGRESSIVE;
				GCC_WARN_UNUSED_FUNCTION = YES;
				GCC_WARN_UNUSED_VARIABLE = YES;
				IPHONEOS_DEPLOYMENT_TARGET = 8.0;
				MTL_ENABLE_DEBUG_INFO = YES;
				ONLY_ACTIVE_ARCH = YES;
				SDKROOT = iphoneos;
				SWIFT_OPTIMIZATION_LEVEL = "-Onone";
				TARGETED_DEVICE_FAMILY = "1,2";
			};
			name = Debug;
		};
		BEF7BE8319F6D80F0003C675 /* Release */ = {
			isa = XCBuildConfiguration;
			buildSettings = {
				ALWAYS_SEARCH_USER_PATHS = NO;
				CLANG_CXX_LANGUAGE_STANDARD = "gnu++0x";
				CLANG_CXX_LIBRARY = "libc++";
				CLANG_ENABLE_MODULES = YES;
				CLANG_ENABLE_OBJC_ARC = YES;
				CLANG_WARN_BOOL_CONVERSION = YES;
				CLANG_WARN_CONSTANT_CONVERSION = YES;
				CLANG_WARN_DIRECT_OBJC_ISA_USAGE = YES_ERROR;
				CLANG_WARN_EMPTY_BODY = YES;
				CLANG_WARN_ENUM_CONVERSION = YES;
				CLANG_WARN_INT_CONVERSION = YES;
				CLANG_WARN_OBJC_ROOT_CLASS = YES_ERROR;
				CLANG_WARN_UNREACHABLE_CODE = YES;
				CLANG_WARN__DUPLICATE_METHOD_MATCH = YES;
				"CODE_SIGN_IDENTITY[sdk=iphoneos*]" = "iPhone Developer";
				COPY_PHASE_STRIP = YES;
				ENABLE_NS_ASSERTIONS = NO;
				ENABLE_STRICT_OBJC_MSGSEND = YES;
				GCC_C_LANGUAGE_STANDARD = gnu99;
				GCC_WARN_64_TO_32_BIT_CONVERSION = YES;
				GCC_WARN_ABOUT_RETURN_TYPE = YES_ERROR;
				GCC_WARN_UNDECLARED_SELECTOR = YES;
				GCC_WARN_UNINITIALIZED_AUTOS = YES_AGGRESSIVE;
				GCC_WARN_UNUSED_FUNCTION = YES;
				GCC_WARN_UNUSED_VARIABLE = YES;
				IPHONEOS_DEPLOYMENT_TARGET = 8.0;
				MTL_ENABLE_DEBUG_INFO = NO;
				SDKROOT = iphoneos;
				TARGETED_DEVICE_FAMILY = "1,2";
				VALIDATE_PRODUCT = YES;
			};
			name = Release;
		};
		BEF7BE8519F6D80F0003C675 /* Debug */ = {
			isa = XCBuildConfiguration;
			baseConfigurationReference = C05D08D2A41103E4C6A62109 /* Pods.debug.xcconfig */;
			buildSettings = {
				ASSETCATALOG_COMPILER_APPICON_NAME = AppIcon;
				INFOPLIST_FILE = "petulant-octo-dubstep/Info.plist";
				LD_RUNPATH_SEARCH_PATHS = "$(inherited) @executable_path/Frameworks";
				PRODUCT_NAME = "$(TARGET_NAME)";
			};
			name = Debug;
		};
		BEF7BE8619F6D80F0003C675 /* Release */ = {
			isa = XCBuildConfiguration;
			baseConfigurationReference = 637B9105724CC0DF19A6C5F3 /* Pods.release.xcconfig */;
			buildSettings = {
				ASSETCATALOG_COMPILER_APPICON_NAME = AppIcon;
				INFOPLIST_FILE = "petulant-octo-dubstep/Info.plist";
				LD_RUNPATH_SEARCH_PATHS = "$(inherited) @executable_path/Frameworks";
				PRODUCT_NAME = "$(TARGET_NAME)";
			};
			name = Release;
		};
		BEF7BE8819F6D80F0003C675 /* Debug */ = {
			isa = XCBuildConfiguration;
			buildSettings = {
				BUNDLE_LOADER = "$(TEST_HOST)";
				FRAMEWORK_SEARCH_PATHS = (
					"$(SDKROOT)/Developer/Library/Frameworks",
					"$(inherited)",
				);
				GCC_PREPROCESSOR_DEFINITIONS = (
					"DEBUG=1",
					"$(inherited)",
				);
				INFOPLIST_FILE = "petulant-octo-dubstepTests/Info.plist";
				LD_RUNPATH_SEARCH_PATHS = "$(inherited) @executable_path/Frameworks @loader_path/Frameworks";
				PRODUCT_NAME = "$(TARGET_NAME)";
				TEST_HOST = "$(BUILT_PRODUCTS_DIR)/petulant-octo-dubstep.app/petulant-octo-dubstep";
			};
			name = Debug;
		};
		BEF7BE8919F6D80F0003C675 /* Release */ = {
			isa = XCBuildConfiguration;
			buildSettings = {
				BUNDLE_LOADER = "$(TEST_HOST)";
				FRAMEWORK_SEARCH_PATHS = (
					"$(SDKROOT)/Developer/Library/Frameworks",
					"$(inherited)",
				);
				INFOPLIST_FILE = "petulant-octo-dubstepTests/Info.plist";
				LD_RUNPATH_SEARCH_PATHS = "$(inherited) @executable_path/Frameworks @loader_path/Frameworks";
				PRODUCT_NAME = "$(TARGET_NAME)";
				TEST_HOST = "$(BUILT_PRODUCTS_DIR)/petulant-octo-dubstep.app/petulant-octo-dubstep";
			};
			name = Release;
		};
/* End XCBuildConfiguration section */

/* Begin XCConfigurationList section */
		BEF7BE5E19F6D80F0003C675 /* Build configuration list for PBXProject "petulant-octo-dubstep" */ = {
			isa = XCConfigurationList;
			buildConfigurations = (
				BEF7BE8219F6D80F0003C675 /* Debug */,
				BEF7BE8319F6D80F0003C675 /* Release */,
			);
			defaultConfigurationIsVisible = 0;
			defaultConfigurationName = Release;
		};
		BEF7BE8419F6D80F0003C675 /* Build configuration list for PBXNativeTarget "petulant-octo-dubstep" */ = {
			isa = XCConfigurationList;
			buildConfigurations = (
				BEF7BE8519F6D80F0003C675 /* Debug */,
				BEF7BE8619F6D80F0003C675 /* Release */,
			);
			defaultConfigurationIsVisible = 0;
			defaultConfigurationName = Release;
		};
		BEF7BE8719F6D80F0003C675 /* Build configuration list for PBXNativeTarget "petulant-octo-dubstepTests" */ = {
			isa = XCConfigurationList;
			buildConfigurations = (
				BEF7BE8819F6D80F0003C675 /* Debug */,
				BEF7BE8919F6D80F0003C675 /* Release */,
			);
			defaultConfigurationIsVisible = 0;
			defaultConfigurationName = Release;
		};
/* End XCConfigurationList section */
	};
	rootObject = BEF7BE5B19F6D80F0003C675 /* Project object */;
}
